{
  "version": 4,
  "terraform_version": "1.8.0",
  "serial": 47,
  "lineage": "20b68f08-6bf4-d268-f2b9-96f3bd3c9561",
  "outputs": {},
  "resources": [
    {
      "mode": "managed",
      "type": "google_project_iam_member",
      "name": "bigquery_admin",
      "provider": "provider[\"registry.terraform.io/hashicorp/google\"]",
      "instances": [
        {
          "schema_version": 0,
          "attributes": {
            "condition": [],
            "etag": "BwYZ6Ea4i3s=",
            "id": "ml-6-coding-challenge-425112/roles/bigquery.admin/serviceAccount:ml6-coding-challenge-evaluator@recruiting-220608.iam.gserviceaccount.com",
            "member": "serviceAccount:ml6-coding-challenge-evaluator@recruiting-220608.iam.gserviceaccount.com",
            "project": "ml-6-coding-challenge-425112",
            "role": "roles/bigquery.admin"
          },
          "sensitive_attributes": [],
          "private": "bnVsbA=="
        }
      ]
    },
    {
      "mode": "managed",
      "type": "google_project_iam_member",
      "name": "dataflow_admin",
      "provider": "provider[\"registry.terraform.io/hashicorp/google\"]",
      "instances": [
        {
          "schema_version": 0,
          "attributes": {
            "condition": [],
            "etag": "BwYZ6Ea4i3s=",
            "id": "ml-6-coding-challenge-425112/roles/dataflow.admin/serviceAccount:ml6-coding-challenge-evaluator@recruiting-220608.iam.gserviceaccount.com",
            "member": "serviceAccount:ml6-coding-challenge-evaluator@recruiting-220608.iam.gserviceaccount.com",
            "project": "ml-6-coding-challenge-425112",
            "role": "roles/dataflow.admin"
          },
          "sensitive_attributes": [],
          "private": "bnVsbA=="
        }
      ]
    },
    {
      "mode": "managed",
      "type": "google_project_iam_member",
      "name": "storage_admin",
      "provider": "provider[\"registry.terraform.io/hashicorp/google\"]",
      "instances": [
        {
          "schema_version": 0,
          "attributes": {
            "condition": [],
            "etag": "BwYZ6Ea4i3s=",
            "id": "ml-6-coding-challenge-425112/roles/storage.admin/serviceAccount:ml6-coding-challenge-evaluator@recruiting-220608.iam.gserviceaccount.com",
            "member": "serviceAccount:ml6-coding-challenge-evaluator@recruiting-220608.iam.gserviceaccount.com",
            "project": "ml-6-coding-challenge-425112",
            "role": "roles/storage.admin"
          },
          "sensitive_attributes": [],
          "private": "bnVsbA=="
        }
      ]
    }
  ],
  "check_results": null
}
